
Microsoft Visual Studio Solution File, Format Version 12.00
# Visual Studio 2013
VisualStudioVersion = 12.0.20617.1 PREVIEW
MinimumVisualStudioVersion = 10.0.40219.1
Project("{FAE04EC0-301F-11D3-BF4B-00C04F79EFBC}") = "AttiLA.WindowsService", "AttiLA.WindowsService\AttiLA.WindowsService.csproj", "{83A83622-5725-4DCF-8502-C4302CB84622}"
EndProject
Project("{FAE04EC0-301F-11D3-BF4B-00C04F79EFBC}") = "ManagedWifi", "managedwifi-1.1\ManagedWifi.csproj", "{6AA425C9-EA6A-4B01-AAED-5FF122E8B663}"
EndProject
Project("{FAE04EC0-301F-11D3-BF4B-00C04F79EFBC}") = "AttiLA.Data", "AttiLA.Data\AttiLA.Data.csproj", "{EE8E2895-5075-41B6-8742-2711DCE3B573}"
EndProject
Project("{FAE04EC0-301F-11D3-BF4B-00C04F79EFBC}") = "AttiLA.Test.CreateContext", "AttiLA.Test.CreateContext\AttiLA.Test.CreateContext.csproj", "{696A70C3-B28C-466C-A2F9-459834BBD39A}"
	ProjectSection(ProjectDependencies) = postProject
		{15B3E0D2-6217-493A-A690-158C497F5318} = {15B3E0D2-6217-493A-A690-158C497F5318}
	EndProjectSection
EndProject
Project("{FAE04EC0-301F-11D3-BF4B-00C04F79EFBC}") = "AttiLA.LocalizationService", "AttiLA.LocalizationService\AttiLA.LocalizationService.csproj", "{15B3E0D2-6217-493A-A690-158C497F5318}"
EndProject
Project("{FAE04EC0-301F-11D3-BF4B-00C04F79EFBC}") = "AttiLA.Test.LocalizationService", "AttiLA.Test.LocalizationService\AttiLA.Test.LocalizationService.csproj", "{A15AB554-587D-4699-881A-BEE5FA45EEA2}"
	ProjectSection(ProjectDependencies) = postProject
		{15B3E0D2-6217-493A-A690-158C497F5318} = {15B3E0D2-6217-493A-A690-158C497F5318}
	EndProjectSection
EndProject
Project("{FAE04EC0-301F-11D3-BF4B-00C04F79EFBC}") = "BleDA", "BleDA\BleDA.csproj", "{30B898CC-C3DD-48DB-85EA-68CF260C44CA}"
	ProjectSection(ProjectDependencies) = postProject
		{15B3E0D2-6217-493A-A690-158C497F5318} = {15B3E0D2-6217-493A-A690-158C497F5318}
	EndProjectSection
EndProject
Project("{FAE04EC0-301F-11D3-BF4B-00C04F79EFBC}") = "BleDA.Actions", "BleDA.Actions\BleDA.Actions.csproj", "{8AEC47C7-A86F-40FC-955C-87AF00C2F030}"
EndProject
Project("{FAE04EC0-301F-11D3-BF4B-00C04F79EFBC}") = "Ookii.Dialogs", "Ookii.Dialogs\Ookii.Dialogs.csproj", "{779E62B3-C5A6-494D-9D87-96C0DEC7FFB0}"
EndProject
Project("{FAE04EC0-301F-11D3-BF4B-00C04F79EFBC}") = "Ookii.Dialogs.Sample", "Ookii.Dialogs.Sample\Ookii.Dialogs.Sample.csproj", "{D52F3B1C-03B3-41B1-A15E-E23FF6877939}"
EndProject
Project("{FAE04EC0-301F-11D3-BF4B-00C04F79EFBC}") = "BleDA.Test.TaskEditor", "BleDA.Test.TaskEditor\BleDA.Test.TaskEditor.csproj", "{F0AE5050-871A-4DC9-A0D1-BA5AD8F6A2C2}"
EndProject
Project("{2150E333-8FDC-42A3-9474-1A3956D46DE8}") = "Library", "Library", "{9DDF35C3-4C9C-4949-9E4D-496F60834499}"
	ProjectSection(SolutionItems) = preProject
		..\..\..\..\..\Program Files (x86)\MongoDB\CSharpDriver 1.8.3\MongoDB.Bson.dll = ..\..\..\..\..\Program Files (x86)\MongoDB\CSharpDriver 1.8.3\MongoDB.Bson.dll
		..\..\..\..\..\Program Files (x86)\MongoDB\CSharpDriver 1.8.3\MongoDB.Driver.dll = ..\..\..\..\..\Program Files (x86)\MongoDB\CSharpDriver 1.8.3\MongoDB.Driver.dll
	EndProjectSection
EndProject
Project("{FAE04EC0-301F-11D3-BF4B-00C04F79EFBC}") = "Ookii.Dialogs.Wpf", "Ookii.Dialogs.Wpf\Ookii.Dialogs.Wpf.csproj", "{D01B1D20-8F5B-4834-8E5C-C7EC6DD587D4}"
EndProject
Project("{FAE04EC0-301F-11D3-BF4B-00C04F79EFBC}") = "Ookii.Dialogs.Wpf.Sample", "Ookii.Dialogs.Wpf.Sample\Ookii.Dialogs.Wpf.Sample.csproj", "{E38181B2-E8E5-466D-9099-33FE75B4CFA1}"
EndProject
Global
	GlobalSection(SolutionConfigurationPlatforms) = preSolution
		Debug|Any CPU = Debug|Any CPU
		Release|Any CPU = Release|Any CPU
	EndGlobalSection
	GlobalSection(ProjectConfigurationPlatforms) = postSolution
		{83A83622-5725-4DCF-8502-C4302CB84622}.Debug|Any CPU.ActiveCfg = Debug|Any CPU
		{83A83622-5725-4DCF-8502-C4302CB84622}.Debug|Any CPU.Build.0 = Debug|Any CPU
		{83A83622-5725-4DCF-8502-C4302CB84622}.Release|Any CPU.ActiveCfg = Release|Any CPU
		{83A83622-5725-4DCF-8502-C4302CB84622}.Release|Any CPU.Build.0 = Release|Any CPU
		{6AA425C9-EA6A-4B01-AAED-5FF122E8B663}.Debug|Any CPU.ActiveCfg = Debug|Any CPU
		{6AA425C9-EA6A-4B01-AAED-5FF122E8B663}.Debug|Any CPU.Build.0 = Debug|Any CPU
		{6AA425C9-EA6A-4B01-AAED-5FF122E8B663}.Release|Any CPU.ActiveCfg = Release|Any CPU
		{6AA425C9-EA6A-4B01-AAED-5FF122E8B663}.Release|Any CPU.Build.0 = Release|Any CPU
		{EE8E2895-5075-41B6-8742-2711DCE3B573}.Debug|Any CPU.ActiveCfg = Debug|Any CPU
		{EE8E2895-5075-41B6-8742-2711DCE3B573}.Debug|Any CPU.Build.0 = Debug|Any CPU
		{EE8E2895-5075-41B6-8742-2711DCE3B573}.Release|Any CPU.ActiveCfg = Release|Any CPU
		{EE8E2895-5075-41B6-8742-2711DCE3B573}.Release|Any CPU.Build.0 = Release|Any CPU
		{696A70C3-B28C-466C-A2F9-459834BBD39A}.Debug|Any CPU.ActiveCfg = Debug|Any CPU
		{696A70C3-B28C-466C-A2F9-459834BBD39A}.Debug|Any CPU.Build.0 = Debug|Any CPU
		{696A70C3-B28C-466C-A2F9-459834BBD39A}.Release|Any CPU.ActiveCfg = Release|Any CPU
		{696A70C3-B28C-466C-A2F9-459834BBD39A}.Release|Any CPU.Build.0 = Release|Any CPU
		{15B3E0D2-6217-493A-A690-158C497F5318}.Debug|Any CPU.ActiveCfg = Debug|Any CPU
		{15B3E0D2-6217-493A-A690-158C497F5318}.Debug|Any CPU.Build.0 = Debug|Any CPU
		{15B3E0D2-6217-493A-A690-158C497F5318}.Release|Any CPU.ActiveCfg = Release|Any CPU
		{15B3E0D2-6217-493A-A690-158C497F5318}.Release|Any CPU.Build.0 = Release|Any CPU
		{A15AB554-587D-4699-881A-BEE5FA45EEA2}.Debug|Any CPU.ActiveCfg = Debug|Any CPU
		{A15AB554-587D-4699-881A-BEE5FA45EEA2}.Debug|Any CPU.Build.0 = Debug|Any CPU
		{A15AB554-587D-4699-881A-BEE5FA45EEA2}.Release|Any CPU.ActiveCfg = Release|Any CPU
		{A15AB554-587D-4699-881A-BEE5FA45EEA2}.Release|Any CPU.Build.0 = Release|Any CPU
		{30B898CC-C3DD-48DB-85EA-68CF260C44CA}.Debug|Any CPU.ActiveCfg = Debug|Any CPU
		{30B898CC-C3DD-48DB-85EA-68CF260C44CA}.Debug|Any CPU.Build.0 = Debug|Any CPU
		{30B898CC-C3DD-48DB-85EA-68CF260C44CA}.Release|Any CPU.ActiveCfg = Release|Any CPU
		{30B898CC-C3DD-48DB-85EA-68CF260C44CA}.Release|Any CPU.Build.0 = Release|Any CPU
		{8AEC47C7-A86F-40FC-955C-87AF00C2F030}.Debug|Any CPU.ActiveCfg = Debug|Any CPU
		{8AEC47C7-A86F-40FC-955C-87AF00C2F030}.Debug|Any CPU.Build.0 = Debug|Any CPU
		{8AEC47C7-A86F-40FC-955C-87AF00C2F030}.Release|Any CPU.ActiveCfg = Release|Any CPU
		{8AEC47C7-A86F-40FC-955C-87AF00C2F030}.Release|Any CPU.Build.0 = Release|Any CPU
		{779E62B3-C5A6-494D-9D87-96C0DEC7FFB0}.Debug|Any CPU.ActiveCfg = Debug|Any CPU
		{779E62B3-C5A6-494D-9D87-96C0DEC7FFB0}.Debug|Any CPU.Build.0 = Debug|Any CPU
		{779E62B3-C5A6-494D-9D87-96C0DEC7FFB0}.Release|Any CPU.ActiveCfg = Release|Any CPU
		{779E62B3-C5A6-494D-9D87-96C0DEC7FFB0}.Release|Any CPU.Build.0 = Release|Any CPU
		{D52F3B1C-03B3-41B1-A15E-E23FF6877939}.Debug|Any CPU.ActiveCfg = Debug|Any CPU
		{D52F3B1C-03B3-41B1-A15E-E23FF6877939}.Debug|Any CPU.Build.0 = Debug|Any CPU
		{D52F3B1C-03B3-41B1-A15E-E23FF6877939}.Release|Any CPU.ActiveCfg = Release|Any CPU
		{D52F3B1C-03B3-41B1-A15E-E23FF6877939}.Release|Any CPU.Build.0 = Release|Any CPU
		{F0AE5050-871A-4DC9-A0D1-BA5AD8F6A2C2}.Debug|Any CPU.ActiveCfg = Debug|Any CPU
		{F0AE5050-871A-4DC9-A0D1-BA5AD8F6A2C2}.Debug|Any CPU.Build.0 = Debug|Any CPU
		{F0AE5050-871A-4DC9-A0D1-BA5AD8F6A2C2}.Release|Any CPU.ActiveCfg = Release|Any CPU
		{F0AE5050-871A-4DC9-A0D1-BA5AD8F6A2C2}.Release|Any CPU.Build.0 = Release|Any CPU
		{D01B1D20-8F5B-4834-8E5C-C7EC6DD587D4}.Debug|Any CPU.ActiveCfg = Debug|Any CPU
		{D01B1D20-8F5B-4834-8E5C-C7EC6DD587D4}.Debug|Any CPU.Build.0 = Debug|Any CPU
		{D01B1D20-8F5B-4834-8E5C-C7EC6DD587D4}.Release|Any CPU.ActiveCfg = Release|Any CPU
		{D01B1D20-8F5B-4834-8E5C-C7EC6DD587D4}.Release|Any CPU.Build.0 = Release|Any CPU
		{E38181B2-E8E5-466D-9099-33FE75B4CFA1}.Debug|Any CPU.ActiveCfg = Debug|Any CPU
		{E38181B2-E8E5-466D-9099-33FE75B4CFA1}.Debug|Any CPU.Build.0 = Debug|Any CPU
		{E38181B2-E8E5-466D-9099-33FE75B4CFA1}.Release|Any CPU.ActiveCfg = Release|Any CPU
		{E38181B2-E8E5-466D-9099-33FE75B4CFA1}.Release|Any CPU.Build.0 = Release|Any CPU
	EndGlobalSection
	GlobalSection(SolutionProperties) = preSolution
		HideSolutionNode = FALSE
	EndGlobalSection
EndGlobal
